// !$*UTF8*$!
{
	archiveVersion = 1;
	classes = {
	};
	objectVersion = 50;
	objects = {

/* Begin PBXBuildFile section */
		7155132620D1275A00AFF98B /* JSONStructure.swift in Sources */ = {isa = PBXBuildFile; fileRef = 7155132520D1275A00AFF98B /* JSONStructure.swift */; };
		7155132820D19AEF00AFF98B /* CustomCollectionViewCell.swift in Sources */ = {isa = PBXBuildFile; fileRef = 7155132720D19AEF00AFF98B /* CustomCollectionViewCell.swift */; };
		7155133020D1BA7400AFF98B /* DGElasticPullToRefreshLoadingViewCircle.swift in Sources */ = {isa = PBXBuildFile; fileRef = 7155132B20D1BA7300AFF98B /* DGElasticPullToRefreshLoadingViewCircle.swift */; };
		7155133120D1BA7400AFF98B /* DGElasticPullToRefreshView.swift in Sources */ = {isa = PBXBuildFile; fileRef = 7155132C20D1BA7300AFF98B /* DGElasticPullToRefreshView.swift */; };
		7155133220D1BA7400AFF98B /* DGElasticPullToRefreshExtensions.swift in Sources */ = {isa = PBXBuildFile; fileRef = 7155132D20D1BA7300AFF98B /* DGElasticPullToRefreshExtensions.swift */; };
		7155133320D1BA7400AFF98B /* DGElasticPullToRefreshLoadingView.swift in Sources */ = {isa = PBXBuildFile; fileRef = 7155132E20D1BA7400AFF98B /* DGElasticPullToRefreshLoadingView.swift */; };
		7155133420D1BA7400AFF98B /* DGElasticPullToRefreshConstants.swift in Sources */ = {isa = PBXBuildFile; fileRef = 7155132F20D1BA7400AFF98B /* DGElasticPullToRefreshConstants.swift */; };
		7155133620D2AF5800AFF98B /* DocumentLoaderProtocol.swift in Sources */ = {isa = PBXBuildFile; fileRef = 7155133520D2AF5800AFF98B /* DocumentLoaderProtocol.swift */; };
		7155133820D2B09800AFF98B /* FileDownloaderProtocol.swift in Sources */ = {isa = PBXBuildFile; fileRef = 7155133720D2B09800AFF98B /* FileDownloaderProtocol.swift */; };
		7155133A20D2B23200AFF98B /* JSONLoadService.swift in Sources */ = {isa = PBXBuildFile; fileRef = 7155133920D2B23200AFF98B /* JSONLoadService.swift */; };
		7155133C20D2B4B900AFF98B /* ImageLoadService.swift in Sources */ = {isa = PBXBuildFile; fileRef = 7155133B20D2B4B900AFF98B /* ImageLoadService.swift */; };
		7155133E20D2E05600AFF98B /* TimeBasedExpiryCacheService.swift in Sources */ = {isa = PBXBuildFile; fileRef = 7155133D20D2E05600AFF98B /* TimeBasedExpiryCacheService.swift */; };
		717A4F7120CF7B2900B44878 /* AppDelegate.swift in Sources */ = {isa = PBXBuildFile; fileRef = 717A4F7020CF7B2900B44878 /* AppDelegate.swift */; };
		717A4F7320CF7B2900B44878 /* ViewController.swift in Sources */ = {isa = PBXBuildFile; fileRef = 717A4F7220CF7B2900B44878 /* ViewController.swift */; };
		717A4F7620CF7B2900B44878 /* Main.storyboard in Resources */ = {isa = PBXBuildFile; fileRef = 717A4F7420CF7B2900B44878 /* Main.storyboard */; };
		717A4F7920CF7B2900B44878 /* ImageLoadingLibrary.xcdatamodeld in Sources */ = {isa = PBXBuildFile; fileRef = 717A4F7720CF7B2900B44878 /* ImageLoadingLibrary.xcdatamodeld */; };
		717A4F7B20CF7B2D00B44878 /* Assets.xcassets in Resources */ = {isa = PBXBuildFile; fileRef = 717A4F7A20CF7B2D00B44878 /* Assets.xcassets */; };
		717A4F7E20CF7B2D00B44878 /* LaunchScreen.storyboard in Resources */ = {isa = PBXBuildFile; fileRef = 717A4F7C20CF7B2D00B44878 /* LaunchScreen.storyboard */; };
		717A4F8920CF7B2E00B44878 /* ImageLoadingLibraryTests.swift in Sources */ = {isa = PBXBuildFile; fileRef = 717A4F8820CF7B2E00B44878 /* ImageLoadingLibraryTests.swift */; };
		717A4F9420CF7B2E00B44878 /* ImageLoadingLibraryUITests.swift in Sources */ = {isa = PBXBuildFile; fileRef = 717A4F9320CF7B2E00B44878 /* ImageLoadingLibraryUITests.swift */; };
/* End PBXBuildFile section */

/* Begin PBXContainerItemProxy section */
		717A4F8520CF7B2E00B44878 /* PBXContainerItemProxy */ = {
			isa = PBXContainerItemProxy;
			containerPortal = 717A4F6520CF7B2800B44878 /* Project object */;
			proxyType = 1;
			remoteGlobalIDString = 717A4F6C20CF7B2900B44878;
			remoteInfo = ImageLoadingLibrary;
		};
		717A4F9020CF7B2E00B44878 /* PBXContainerItemProxy */ = {
			isa = PBXContainerItemProxy;
			containerPortal = 717A4F6520CF7B2800B44878 /* Project object */;
			proxyType = 1;
			remoteGlobalIDString = 717A4F6C20CF7B2900B44878;
			remoteInfo = ImageLoadingLibrary;
		};
/* End PBXContainerItemProxy section */

/* Begin PBXFileReference section */
		7155132520D1275A00AFF98B /* JSONStructure.swift */ = {isa = PBXFileReference; lastKnownFileType = sourcecode.swift; path = JSONStructure.swift; sourceTree = "<group>"; };
		7155132720D19AEF00AFF98B /* CustomCollectionViewCell.swift */ = {isa = PBXFileReference; lastKnownFileType = sourcecode.swift; path = CustomCollectionViewCell.swift; sourceTree = "<group>"; };
		7155132B20D1BA7300AFF98B /* DGElasticPullToRefreshLoadingViewCircle.swift */ = {isa = PBXFileReference; lastKnownFileType = sourcecode.swift; path = DGElasticPullToRefreshLoadingViewCircle.swift; sourceTree = "<group>"; };
		7155132C20D1BA7300AFF98B /* DGElasticPullToRefreshView.swift */ = {isa = PBXFileReference; lastKnownFileType = sourcecode.swift; path = DGElasticPullToRefreshView.swift; sourceTree = "<group>"; };
		7155132D20D1BA7300AFF98B /* DGElasticPullToRefreshExtensions.swift */ = {isa = PBXFileReference; lastKnownFileType = sourcecode.swift; path = DGElasticPullToRefreshExtensions.swift; sourceTree = "<group>"; };
		7155132E20D1BA7400AFF98B /* DGElasticPullToRefreshLoadingView.swift */ = {isa = PBXFileReference; lastKnownFileType = sourcecode.swift; path = DGElasticPullToRefreshLoadingView.swift; sourceTree = "<group>"; };
		7155132F20D1BA7400AFF98B /* DGElasticPullToRefreshConstants.swift */ = {isa = PBXFileReference; lastKnownFileType = sourcecode.swift; path = DGElasticPullToRefreshConstants.swift; sourceTree = "<group>"; };
		7155133520D2AF5800AFF98B /* DocumentLoaderProtocol.swift */ = {isa = PBXFileReference; lastKnownFileType = sourcecode.swift; path = DocumentLoaderProtocol.swift; sourceTree = "<group>"; };
		7155133720D2B09800AFF98B /* FileDownloaderProtocol.swift */ = {isa = PBXFileReference; lastKnownFileType = sourcecode.swift; path = FileDownloaderProtocol.swift; sourceTree = "<group>"; };
		7155133920D2B23200AFF98B /* JSONLoadService.swift */ = {isa = PBXFileReference; lastKnownFileType = sourcecode.swift; path = JSONLoadService.swift; sourceTree = "<group>"; };
		7155133B20D2B4B900AFF98B /* ImageLoadService.swift */ = {isa = PBXFileReference; lastKnownFileType = sourcecode.swift; path = ImageLoadService.swift; sourceTree = "<group>"; };
		7155133D20D2E05600AFF98B /* TimeBasedExpiryCacheService.swift */ = {isa = PBXFileReference; lastKnownFileType = sourcecode.swift; path = TimeBasedExpiryCacheService.swift; sourceTree = "<group>"; };
		717A4F6D20CF7B2900B44878 /* ImageLoadingLibrary.app */ = {isa = PBXFileReference; explicitFileType = wrapper.application; includeInIndex = 0; path = ImageLoadingLibrary.app; sourceTree = BUILT_PRODUCTS_DIR; };
		717A4F7020CF7B2900B44878 /* AppDelegate.swift */ = {isa = PBXFileReference; lastKnownFileType = sourcecode.swift; path = AppDelegate.swift; sourceTree = "<group>"; };
		717A4F7220CF7B2900B44878 /* ViewController.swift */ = {isa = PBXFileReference; lastKnownFileType = sourcecode.swift; path = ViewController.swift; sourceTree = "<group>"; };
		717A4F7520CF7B2900B44878 /* Base */ = {isa = PBXFileReference; lastKnownFileType = file.storyboard; name = Base; path = Base.lproj/Main.storyboard; sourceTree = "<group>"; };
		717A4F7820CF7B2900B44878 /* ImageLoadingLibrary.xcdatamodel */ = {isa = PBXFileReference; lastKnownFileType = wrapper.xcdatamodel; path = ImageLoadingLibrary.xcdatamodel; sourceTree = "<group>"; };
		717A4F7A20CF7B2D00B44878 /* Assets.xcassets */ = {isa = PBXFileReference; lastKnownFileType = folder.assetcatalog; path = Assets.xcassets; sourceTree = "<group>"; };
		717A4F7D20CF7B2D00B44878 /* Base */ = {isa = PBXFileReference; lastKnownFileType = file.storyboard; name = Base; path = Base.lproj/LaunchScreen.storyboard; sourceTree = "<group>"; };
		717A4F7F20CF7B2D00B44878 /* Info.plist */ = {isa = PBXFileReference; lastKnownFileType = text.plist.xml; path = Info.plist; sourceTree = "<group>"; };
		717A4F8420CF7B2E00B44878 /* ImageLoadingLibraryTests.xctest */ = {isa = PBXFileReference; explicitFileType = wrapper.cfbundle; includeInIndex = 0; path = ImageLoadingLibraryTests.xctest; sourceTree = BUILT_PRODUCTS_DIR; };
		717A4F8820CF7B2E00B44878 /* ImageLoadingLibraryTests.swift */ = {isa = PBXFileReference; lastKnownFileType = sourcecode.swift; path = ImageLoadingLibraryTests.swift; sourceTree = "<group>"; };
		717A4F8A20CF7B2E00B44878 /* Info.plist */ = {isa = PBXFileReference; lastKnownFileType = text.plist.xml; path = Info.plist; sourceTree = "<group>"; };
		717A4F8F20CF7B2E00B44878 /* ImageLoadingLibraryUITests.xctest */ = {isa = PBXFileReference; explicitFileType = wrapper.cfbundle; includeInIndex = 0; path = ImageLoadingLibraryUITests.xctest; sourceTree = BUILT_PRODUCTS_DIR; };
		717A4F9320CF7B2E00B44878 /* ImageLoadingLibraryUITests.swift */ = {isa = PBXFileReference; lastKnownFileType = sourcecode.swift; path = ImageLoadingLibraryUITests.swift; sourceTree = "<group>"; };
		717A4F9520CF7B2F00B44878 /* Info.plist */ = {isa = PBXFileReference; lastKnownFileType = text.plist.xml; path = Info.plist; sourceTree = "<group>"; };
/* End PBXFileReference section */

/* Begin PBXFrameworksBuildPhase section */
		717A4F6A20CF7B2900B44878 /* Frameworks */ = {
			isa = PBXFrameworksBuildPhase;
			buildActionMask = 2147483647;
			files = (
			);
			runOnlyForDeploymentPostprocessing = 0;
		};
		717A4F8120CF7B2E00B44878 /* Frameworks */ = {
			isa = PBXFrameworksBuildPhase;
			buildActionMask = 2147483647;
			files = (
			);
			runOnlyForDeploymentPostprocessing = 0;
		};
		717A4F8C20CF7B2E00B44878 /* Frameworks */ = {
			isa = PBXFrameworksBuildPhase;
			buildActionMask = 2147483647;
			files = (
			);
			runOnlyForDeploymentPostprocessing = 0;
		};
/* End PBXFrameworksBuildPhase section */

/* Begin PBXGroup section */
		7155134120D2E64A00AFF98B /* Protocols */ = {
			isa = PBXGroup;
			children = (
				7155133520D2AF5800AFF98B /* DocumentLoaderProtocol.swift */,
				7155133720D2B09800AFF98B /* FileDownloaderProtocol.swift */,
			);
			path = Protocols;
			sourceTree = "<group>";
		};
		7155134220D2E66C00AFF98B /* Services + Support Files */ = {
			isa = PBXGroup;
			children = (
				7155134320D2E6A000AFF98B /* External */,
				7155132520D1275A00AFF98B /* JSONStructure.swift */,
				7155132720D19AEF00AFF98B /* CustomCollectionViewCell.swift */,
				7155133920D2B23200AFF98B /* JSONLoadService.swift */,
				7155133D20D2E05600AFF98B /* TimeBasedExpiryCacheService.swift */,
				7155133B20D2B4B900AFF98B /* ImageLoadService.swift */,
			);
			path = "Services + Support Files";
			sourceTree = "<group>";
		};
		7155134320D2E6A000AFF98B /* External */ = {
			isa = PBXGroup;
			children = (
				7155132F20D1BA7400AFF98B /* DGElasticPullToRefreshConstants.swift */,
				7155132D20D1BA7300AFF98B /* DGElasticPullToRefreshExtensions.swift */,
				7155132E20D1BA7400AFF98B /* DGElasticPullToRefreshLoadingView.swift */,
				7155132B20D1BA7300AFF98B /* DGElasticPullToRefreshLoadingViewCircle.swift */,
				7155132C20D1BA7300AFF98B /* DGElasticPullToRefreshView.swift */,
			);
			path = External;
			sourceTree = "<group>";
		};
		717A4F6420CF7B2800B44878 = {
			isa = PBXGroup;
			children = (
				717A4F6F20CF7B2900B44878 /* ImageLoadingLibrary */,
				717A4F8720CF7B2E00B44878 /* ImageLoadingLibraryTests */,
				717A4F9220CF7B2E00B44878 /* ImageLoadingLibraryUITests */,
				717A4F6E20CF7B2900B44878 /* Products */,
			);
			sourceTree = "<group>";
		};
		717A4F6E20CF7B2900B44878 /* Products */ = {
			isa = PBXGroup;
			children = (
				717A4F6D20CF7B2900B44878 /* ImageLoadingLibrary.app */,
				717A4F8420CF7B2E00B44878 /* ImageLoadingLibraryTests.xctest */,
				717A4F8F20CF7B2E00B44878 /* ImageLoadingLibraryUITests.xctest */,
			);
			name = Products;
			sourceTree = "<group>";
		};
		717A4F6F20CF7B2900B44878 /* ImageLoadingLibrary */ = {
			isa = PBXGroup;
			children = (
				7155134220D2E66C00AFF98B /* Services + Support Files */,
				7155134120D2E64A00AFF98B /* Protocols */,
				717A4F7020CF7B2900B44878 /* AppDelegate.swift */,
				717A4F7220CF7B2900B44878 /* ViewController.swift */,
				717A4F7420CF7B2900B44878 /* Main.storyboard */,
				717A4F7A20CF7B2D00B44878 /* Assets.xcassets */,
				717A4F7C20CF7B2D00B44878 /* LaunchScreen.storyboard */,
				717A4F7F20CF7B2D00B44878 /* Info.plist */,
				717A4F7720CF7B2900B44878 /* ImageLoadingLibrary.xcdatamodeld */,
			);
			path = ImageLoadingLibrary;
			sourceTree = "<group>";
		};
		717A4F8720CF7B2E00B44878 /* ImageLoadingLibraryTests */ = {
			isa = PBXGroup;
			children = (
				717A4F8820CF7B2E00B44878 /* ImageLoadingLibraryTests.swift */,
				717A4F8A20CF7B2E00B44878 /* Info.plist */,
			);
			path = ImageLoadingLibraryTests;
			sourceTree = "<group>";
		};
		717A4F9220CF7B2E00B44878 /* ImageLoadingLibraryUITests */ = {
			isa = PBXGroup;
			children = (
				717A4F9320CF7B2E00B44878 /* ImageLoadingLibraryUITests.swift */,
				717A4F9520CF7B2F00B44878 /* Info.plist */,
			);
			path = ImageLoadingLibraryUITests;
			sourceTree = "<group>";
		};
/* End PBXGroup section */

/* Begin PBXNativeTarget section */
		717A4F6C20CF7B2900B44878 /* ImageLoadingLibrary */ = {
			isa = PBXNativeTarget;
			buildConfigurationList = 717A4F9820CF7B2F00B44878 /* Build configuration list for PBXNativeTarget "ImageLoadingLibrary" */;
			buildPhases = (
				717A4F6920CF7B2900B44878 /* Sources */,
				717A4F6A20CF7B2900B44878 /* Frameworks */,
				717A4F6B20CF7B2900B44878 /* Resources */,
			);
			buildRules = (
			);
			dependencies = (
			);
			name = ImageLoadingLibrary;
			productName = ImageLoadingLibrary;
			productReference = 717A4F6D20CF7B2900B44878 /* ImageLoadingLibrary.app */;
			productType = "com.apple.product-type.application";
		};
		717A4F8320CF7B2E00B44878 /* ImageLoadingLibraryTests */ = {
			isa = PBXNativeTarget;
			buildConfigurationList = 717A4F9B20CF7B2F00B44878 /* Build configuration list for PBXNativeTarget "ImageLoadingLibraryTests" */;
			buildPhases = (
				717A4F8020CF7B2E00B44878 /* Sources */,
				717A4F8120CF7B2E00B44878 /* Frameworks */,
				717A4F8220CF7B2E00B44878 /* Resources */,
			);
			buildRules = (
			);
			dependencies = (
				717A4F8620CF7B2E00B44878 /* PBXTargetDependency */,
			);
			name = ImageLoadingLibraryTests;
			productName = ImageLoadingLibraryTests;
			productReference = 717A4F8420CF7B2E00B44878 /* ImageLoadingLibraryTests.xctest */;
			productType = "com.apple.product-type.bundle.unit-test";
		};
		717A4F8E20CF7B2E00B44878 /* ImageLoadingLibraryUITests */ = {
			isa = PBXNativeTarget;
			buildConfigurationList = 717A4F9E20CF7B2F00B44878 /* Build configuration list for PBXNativeTarget "ImageLoadingLibraryUITests" */;
			buildPhases = (
				717A4F8B20CF7B2E00B44878 /* Sources */,
				717A4F8C20CF7B2E00B44878 /* Frameworks */,
				717A4F8D20CF7B2E00B44878 /* Resources */,
			);
			buildRules = (
			);
			dependencies = (
				717A4F9120CF7B2E00B44878 /* PBXTargetDependency */,
			);
			name = ImageLoadingLibraryUITests;
			productName = ImageLoadingLibraryUITests;
			productReference = 717A4F8F20CF7B2E00B44878 /* ImageLoadingLibraryUITests.xctest */;
			productType = "com.apple.product-type.bundle.ui-testing";
		};
/* End PBXNativeTarget section */

/* Begin PBXProject section */
		717A4F6520CF7B2800B44878 /* Project object */ = {
			isa = PBXProject;
			attributes = {
				LastSwiftUpdateCheck = 0930;
				LastUpgradeCheck = 0930;
				ORGANIZATIONNAME = "Mewan Chathuranga";
				TargetAttributes = {
					717A4F6C20CF7B2900B44878 = {
						CreatedOnToolsVersion = 9.3;
					};
					717A4F8320CF7B2E00B44878 = {
						CreatedOnToolsVersion = 9.3;
						TestTargetID = 717A4F6C20CF7B2900B44878;
					};
					717A4F8E20CF7B2E00B44878 = {
						CreatedOnToolsVersion = 9.3;
						TestTargetID = 717A4F6C20CF7B2900B44878;
					};
				};
			};
			buildConfigurationList = 717A4F6820CF7B2800B44878 /* Build configuration list for PBXProject "ImageLoadingLibrary" */;
			compatibilityVersion = "Xcode 9.3";
			developmentRegion = en;
			hasScannedForEncodings = 0;
			knownRegions = (
				en,
				Base,
			);
			mainGroup = 717A4F6420CF7B2800B44878;
			productRefGroup = 717A4F6E20CF7B2900B44878 /* Products */;
			projectDirPath = "";
			projectRoot = "";
			targets = (
				717A4F6C20CF7B2900B44878 /* ImageLoadingLibrary */,
				717A4F8320CF7B2E00B44878 /* ImageLoadingLibraryTests */,
				717A4F8E20CF7B2E00B44878 /* ImageLoadingLibraryUITests */,
			);
		};
/* End PBXProject section */

/* Begin PBXResourcesBuildPhase section */
		717A4F6B20CF7B2900B44878 /* Resources */ = {
			isa = PBXResourcesBuildPhase;
			buildActionMask = 2147483647;
			files = (
				717A4F7E20CF7B2D00B44878 /* LaunchScreen.storyboard in Resources */,
				717A4F7B20CF7B2D00B44878 /* Assets.xcassets in Resources */,
				717A4F7620CF7B2900B44878 /* Main.storyboard in Resources */,
			);
			runOnlyForDeploymentPostprocessing = 0;
		};
		717A4F8220CF7B2E00B44878 /* Resources */ = {
			isa = PBXResourcesBuildPhase;
			buildActionMask = 2147483647;
			files = (
			);
			runOnlyForDeploymentPostprocessing = 0;
		};
		717A4F8D20CF7B2E00B44878 /* Resources */ = {
			isa = PBXResourcesBuildPhase;
			buildActionMask = 2147483647;
			files = (
			);
			runOnlyForDeploymentPostprocessing = 0;
		};
/* End PBXResourcesBuildPhase section */

/* Begin PBXSourcesBuildPhase section */
		717A4F6920CF7B2900B44878 /* Sources */ = {
			isa = PBXSourcesBuildPhase;
			buildActionMask = 2147483647;
			files = (
				717A4F7320CF7B2900B44878 /* ViewController.swift in Sources */,
				7155132820D19AEF00AFF98B /* CustomCollectionViewCell.swift in Sources */,
				7155133E20D2E05600AFF98B /* TimeBasedExpiryCacheService.swift in Sources */,
				7155133120D1BA7400AFF98B /* DGElasticPullToRefreshView.swift in Sources */,
				717A4F7920CF7B2900B44878 /* ImageLoadingLibrary.xcdatamodeld in Sources */,
				7155133320D1BA7400AFF98B /* DGElasticPullToRefreshLoadingView.swift in Sources */,
				7155133620D2AF5800AFF98B /* DocumentLoaderProtocol.swift in Sources */,
				7155133220D1BA7400AFF98B /* DGElasticPullToRefreshExtensions.swift in Sources */,
				7155133C20D2B4B900AFF98B /* ImageLoadService.swift in Sources */,
				717A4F7120CF7B2900B44878 /* AppDelegate.swift in Sources */,
				7155133420D1BA7400AFF98B /* DGElasticPullToRefreshConstants.swift in Sources */,
				7155133A20D2B23200AFF98B /* JSONLoadService.swift in Sources */,
				7155133020D1BA7400AFF98B /* DGElasticPullToRefreshLoadingViewCircle.swift in Sources */,
				7155133820D2B09800AFF98B /* FileDownloaderProtocol.swift in Sources */,
				7155132620D1275A00AFF98B /* JSONStructure.swift in Sources */,
			);
			runOnlyForDeploymentPostprocessing = 0;
		};
		717A4F8020CF7B2E00B44878 /* Sources */ = {
			isa = PBXSourcesBuildPhase;
			buildActionMask = 2147483647;
			files = (
				717A4F8920CF7B2E00B44878 /* ImageLoadingLibraryTests.swift in Sources */,
			);
			runOnlyForDeploymentPostprocessing = 0;
		};
		717A4F8B20CF7B2E00B44878 /* Sources */ = {
			isa = PBXSourcesBuildPhase;
			buildActionMask = 2147483647;
			files = (
				717A4F9420CF7B2E00B44878 /* ImageLoadingLibraryUITests.swift in Sources */,
			);
			runOnlyForDeploymentPostprocessing = 0;
		};
/* End PBXSourcesBuildPhase section */

/* Begin PBXTargetDependency section */
		717A4F8620CF7B2E00B44878 /* PBXTargetDependency */ = {
			isa = PBXTargetDependency;
			target = 717A4F6C20CF7B2900B44878 /* ImageLoadingLibrary */;
			targetProxy = 717A4F8520CF7B2E00B44878 /* PBXContainerItemProxy */;
		};
		717A4F9120CF7B2E00B44878 /* PBXTargetDependency */ = {
			isa = PBXTargetDependency;
			target = 717A4F6C20CF7B2900B44878 /* ImageLoadingLibrary */;
			targetProxy = 717A4F9020CF7B2E00B44878 /* PBXContainerItemProxy */;
		};
/* End PBXTargetDependency section */

/* Begin PBXVariantGroup section */
		717A4F7420CF7B2900B44878 /* Main.storyboard */ = {
			isa = PBXVariantGroup;
			children = (
				717A4F7520CF7B2900B44878 /* Base */,
			);
			name = Main.storyboard;
			sourceTree = "<group>";
		};
		717A4F7C20CF7B2D00B44878 /* LaunchScreen.storyboard */ = {
			isa = PBXVariantGroup;
			children = (
				717A4F7D20CF7B2D00B44878 /* Base */,
			);
			name = LaunchScreen.storyboard;
			sourceTree = "<group>";
		};
/* End PBXVariantGroup section */

/* Begin XCBuildConfiguration section */
		717A4F9620CF7B2F00B44878 /* Debug */ = {
			isa = XCBuildConfiguration;
			buildSettings = {
				ALWAYS_SEARCH_USER_PATHS = NO;
				CLANG_ANALYZER_NONNULL = YES;
				CLANG_ANALYZER_NUMBER_OBJECT_CONVERSION = YES_AGGRESSIVE;
				CLANG_CXX_LANGUAGE_STANDARD = "gnu++14";
				CLANG_CXX_LIBRARY = "libc++";
				CLANG_ENABLE_MODULES = YES;
				CLANG_ENABLE_OBJC_ARC = YES;
				CLANG_ENABLE_OBJC_WEAK = YES;
				CLANG_WARN_BLOCK_CAPTURE_AUTORELEASING = YES;
				CLANG_WARN_BOOL_CONVERSION = YES;
				CLANG_WARN_COMMA = YES;
				CLANG_WARN_CONSTANT_CONVERSION = YES;
				CLANG_WARN_DEPRECATED_OBJC_IMPLEMENTATIONS = YES;
				CLANG_WARN_DIRECT_OBJC_ISA_USAGE = YES_ERROR;
				CLANG_WARN_DOCUMENTATION_COMMENTS = YES;
				CLANG_WARN_EMPTY_BODY = YES;
				CLANG_WARN_ENUM_CONVERSION = YES;
				CLANG_WARN_INFINITE_RECURSION = YES;
				CLANG_WARN_INT_CONVERSION = YES;
				CLANG_WARN_NON_LITERAL_NULL_CONVERSION = YES;
				CLANG_WARN_OBJC_IMPLICIT_RETAIN_SELF = YES;
				CLANG_WARN_OBJC_LITERAL_CONVERSION = YES;
				CLANG_WARN_OBJC_ROOT_CLASS = YES_ERROR;
				CLANG_WARN_RANGE_LOOP_ANALYSIS = YES;
				CLANG_WARN_STRICT_PROTOTYPES = YES;
				CLANG_WARN_SUSPICIOUS_MOVE = YES;
				CLANG_WARN_UNGUARDED_AVAILABILITY = YES_AGGRESSIVE;
				CLANG_WARN_UNREACHABLE_CODE = YES;
				CLANG_WARN__DUPLICATE_METHOD_MATCH = YES;
				CODE_SIGN_IDENTITY = "iPhone Developer";
				COPY_PHASE_STRIP = NO;
				DEBUG_INFORMATION_FORMAT = dwarf;
				ENABLE_STRICT_OBJC_MSGSEND = YES;
				ENABLE_TESTABILITY = YES;
				GCC_C_LANGUAGE_STANDARD = gnu11;
				GCC_DYNAMIC_NO_PIC = NO;
				GCC_NO_COMMON_BLOCKS = YES;
				GCC_OPTIMIZATION_LEVEL = 0;
				GCC_PREPROCESSOR_DEFINITIONS = (
					"DEBUG=1",
					"$(inherited)",
				);
				GCC_WARN_64_TO_32_BIT_CONVERSION = YES;
				GCC_WARN_ABOUT_RETURN_TYPE = YES_ERROR;
				GCC_WARN_UNDECLARED_SELECTOR = YES;
				GCC_WARN_UNINITIALIZED_AUTOS = YES_AGGRESSIVE;
				GCC_WARN_UNUSED_FUNCTION = YES;
				GCC_WARN_UNUSED_VARIABLE = YES;
				IPHONEOS_DEPLOYMENT_TARGET = 10.0;
				MTL_ENABLE_DEBUG_INFO = YES;
				ONLY_ACTIVE_ARCH = YES;
				SDKROOT = iphoneos;
				SWIFT_ACTIVE_COMPILATION_CONDITIONS = DEBUG;
				SWIFT_OPTIMIZATION_LEVEL = "-Onone";
			};
			name = Debug;
		};
		717A4F9720CF7B2F00B44878 /* Release */ = {
			isa = XCBuildConfiguration;
			buildSettings = {
				ALWAYS_SEARCH_USER_PATHS = NO;
				CLANG_ANALYZER_NONNULL = YES;
				CLANG_ANALYZER_NUMBER_OBJECT_CONVERSION = YES_AGGRESSIVE;
				CLANG_CXX_LANGUAGE_STANDARD = "gnu++14";
				CLANG_CXX_LIBRARY = "libc++";
				CLANG_ENABLE_MODULES = YES;
				CLANG_ENABLE_OBJC_ARC = YES;
				CLANG_ENABLE_OBJC_WEAK = YES;
				CLANG_WARN_BLOCK_CAPTURE_AUTORELEASING = YES;
				CLANG_WARN_BOOL_CONVERSION = YES;
				CLANG_WARN_COMMA = YES;
				CLANG_WARN_CONSTANT_CONVERSION = YES;
				CLANG_WARN_DEPRECATED_OBJC_IMPLEMENTATIONS = YES;
				CLANG_WARN_DIRECT_OBJC_ISA_USAGE = YES_ERROR;
				CLANG_WARN_DOCUMENTATION_COMMENTS = YES;
				CLANG_WARN_EMPTY_BODY = YES;
				CLANG_WARN_ENUM_CONVERSION = YES;
				CLANG_WARN_INFINITE_RECURSION = YES;
				CLANG_WARN_INT_CONVERSION = YES;
				CLANG_WARN_NON_LITERAL_NULL_CONVERSION = YES;
				CLANG_WARN_OBJC_IMPLICIT_RETAIN_SELF = YES;
				CLANG_WARN_OBJC_LITERAL_CONVERSION = YES;
				CLANG_WARN_OBJC_ROOT_CLASS = YES_ERROR;
				CLANG_WARN_RANGE_LOOP_ANALYSIS = YES;
				CLANG_WARN_STRICT_PROTOTYPES = YES;
				CLANG_WARN_SUSPICIOUS_MOVE = YES;
				CLANG_WARN_UNGUARDED_AVAILABILITY = YES_AGGRESSIVE;
				CLANG_WARN_UNREACHABLE_CODE = YES;
				CLANG_WARN__DUPLICATE_METHOD_MATCH = YES;
				CODE_SIGN_IDENTITY = "iPhone Developer";
				COPY_PHASE_STRIP = NO;
				DEBUG_INFORMATION_FORMAT = "dwarf-with-dsym";
				ENABLE_NS_ASSERTIONS = NO;
				ENABLE_STRICT_OBJC_MSGSEND = YES;
				GCC_C_LANGUAGE_STANDARD = gnu11;
				GCC_NO_COMMON_BLOCKS = YES;
				GCC_WARN_64_TO_32_BIT_CONVERSION = YES;
				GCC_WARN_ABOUT_RETURN_TYPE = YES_ERROR;
				GCC_WARN_UNDECLARED_SELECTOR = YES;
				GCC_WARN_UNINITIALIZED_AUTOS = YES_AGGRESSIVE;
				GCC_WARN_UNUSED_FUNCTION = YES;
				GCC_WARN_UNUSED_VARIABLE = YES;
				IPHONEOS_DEPLOYMENT_TARGET = 10.0;
				MTL_ENABLE_DEBUG_INFO = NO;
				SDKROOT = iphoneos;
				SWIFT_COMPILATION_MODE = wholemodule;
				SWIFT_OPTIMIZATION_LEVEL = "-O";
				VALIDATE_PRODUCT = YES;
			};
			name = Release;
		};
		717A4F9920CF7B2F00B44878 /* Debug */ = {
			isa = XCBuildConfiguration;
			buildSettings = {
				ASSETCATALOG_COMPILER_APPICON_NAME = AppIcon;
				CODE_SIGN_STYLE = Automatic;
				DEVELOPMENT_TEAM = 2D3474FP86;
				INFOPLIST_FILE = ImageLoadingLibrary/Info.plist;
				LD_RUNPATH_SEARCH_PATHS = (
					"$(inherited)",
					"@executable_path/Frameworks",
				);
				PRODUCT_BUNDLE_IDENTIFIER = MewanC.ImageLoadingLibrary;
				PRODUCT_NAME = "$(TARGET_NAME)";
				SWIFT_VERSION = 4.0;
				TARGETED_DEVICE_FAMILY = "1,2";
			};
			name = Debug;
		};
		717A4F9A20CF7B2F00B44878 /* Release */ = {
			isa = XCBuildConfiguration;
			buildSettings = {
				ASSETCATALOG_COMPILER_APPICON_NAME = AppIcon;
				CODE_SIGN_STYLE = Automatic;
				DEVELOPMENT_TEAM = 2D3474FP86;
				INFOPLIST_FILE = ImageLoadingLibrary/Info.plist;
				LD_RUNPATH_SEARCH_PATHS = (
					"$(inherited)",
					"@executable_path/Frameworks",
				);
				PRODUCT_BUNDLE_IDENTIFIER = MewanC.ImageLoadingLibrary;
				PRODUCT_NAME = "$(TARGET_NAME)";
				SWIFT_VERSION = 4.0;
				TARGETED_DEVICE_FAMILY = "1,2";
			};
			name = Release;
		};
		717A4F9C20CF7B2F00B44878 /* Debug */ = {
			isa = XCBuildConfiguration;
			buildSettings = {
				ALWAYS_EMBED_SWIFT_STANDARD_LIBRARIES = YES;
				BUNDLE_LOADER = "$(TEST_HOST)";
				CODE_SIGN_STYLE = Automatic;
				DEVELOPMENT_TEAM = 2D3474FP86;
				INFOPLIST_FILE = ImageLoadingLibraryTests/Info.plist;
				LD_RUNPATH_SEARCH_PATHS = (
					"$(inherited)",
					"@executable_path/Frameworks",
					"@loader_path/Frameworks",
				);
				PRODUCT_BUNDLE_IDENTIFIER = MewanC.ImageLoadingLibraryTests;
				PRODUCT_NAME = "$(TARGET_NAME)";
				SWIFT_VERSION = 4.0;
				TARGETED_DEVICE_FAMILY = "1,2";
				TEST_HOST = "$(BUILT_PRODUCTS_DIR)/ImageLoadingLibrary.app/ImageLoadingLibrary";
			};
			name = Debug;
		};
		717A4F9D20CF7B2F00B44878 /* Release */ = {
			isa = XCBuildConfiguration;
			buildSettings = {
				ALWAYS_EMBED_SWIFT_STANDARD_LIBRARIES = YES;
				BUNDLE_LOADER = "$(TEST_HOST)";
				CODE_SIGN_STYLE = Automatic;
				DEVELOPMENT_TEAM = 2D3474FP86;
				INFOPLIST_FILE = ImageLoadingLibraryTests/Info.plist;
				LD_RUNPATH_SEARCH_PATHS = (
					"$(inherited)",
					"@executable_path/Frameworks",
					"@loader_path/Frameworks",
				);
				PRODUCT_BUNDLE_IDENTIFIER = MewanC.ImageLoadingLibraryTests;
				PRODUCT_NAME = "$(TARGET_NAME)";
				SWIFT_VERSION = 4.0;
				TARGETED_DEVICE_FAMILY = "1,2";
				TEST_HOST = "$(BUILT_PRODUCTS_DIR)/ImageLoadingLibrary.app/ImageLoadingLibrary";
			};
			name = Release;
		};
		717A4F9F20CF7B2F00B44878 /* Debug */ = {
			isa = XCBuildConfiguration;
			buildSettings = {
				ALWAYS_EMBED_SWIFT_STANDARD_LIBRARIES = YES;
				CODE_SIGN_STYLE = Automatic;
				DEVELOPMENT_TEAM = 2D3474FP86;
				INFOPLIST_FILE = ImageLoadingLibraryUITests/Info.plist;
				LD_RUNPATH_SEARCH_PATHS = (
					"$(inherited)",
					"@executable_path/Frameworks",
					"@loader_path/Frameworks",
				);
				PRODUCT_BUNDLE_IDENTIFIER = MewanC.ImageLoadingLibraryUITests;
				PRODUCT_NAME = "$(TARGET_NAME)";
				SWIFT_VERSION = 4.0;
				TARGETED_DEVICE_FAMILY = "1,2";
				TEST_TARGET_NAME = ImageLoadingLibrary;
			};
			name = Debug;
		};
		717A4FA020CF7B2F00B44878 /* Release */ = {
			isa = XCBuildConfiguration;
			buildSettings = {
				ALWAYS_EMBED_SWIFT_STANDARD_LIBRARIES = YES;
				CODE_SIGN_STYLE = Automatic;
				DEVELOPMENT_TEAM = 2D3474FP86;
				INFOPLIST_FILE = ImageLoadingLibraryUITests/Info.plist;
				LD_RUNPATH_SEARCH_PATHS = (
					"$(inherited)",
					"@executable_path/Frameworks",
					"@loader_path/Frameworks",
				);
				PRODUCT_BUNDLE_IDENTIFIER = MewanC.ImageLoadingLibraryUITests;
				PRODUCT_NAME = "$(TARGET_NAME)";
				SWIFT_VERSION = 4.0;
				TARGETED_DEVICE_FAMILY = "1,2";
				TEST_TARGET_NAME = ImageLoadingLibrary;
			};
			name = Release;
		};
/* End XCBuildConfiguration section */

/* Begin XCConfigurationList section */
		717A4F6820CF7B2800B44878 /* Build configuration list for PBXProject "ImageLoadingLibrary" */ = {
			isa = XCConfigurationList;
			buildConfigurations = (
				717A4F9620CF7B2F00B44878 /* Debug */,
				717A4F9720CF7B2F00B44878 /* Release */,
			);
			defaultConfigurationIsVisible = 0;
			defaultConfigurationName = Release;
		};
		717A4F9820CF7B2F00B44878 /* Build configuration list for PBXNativeTarget "ImageLoadingLibrary" */ = {
			isa = XCConfigurationList;
			buildConfigurations = (
				717A4F9920CF7B2F00B44878 /* Debug */,
				717A4F9A20CF7B2F00B44878 /* Release */,
			);
			defaultConfigurationIsVisible = 0;
			defaultConfigurationName = Release;
		};
		717A4F9B20CF7B2F00B44878 /* Build configuration list for PBXNativeTarget "ImageLoadingLibraryTests" */ = {
			isa = XCConfigurationList;
			buildConfigurations = (
				717A4F9C20CF7B2F00B44878 /* Debug */,
				717A4F9D20CF7B2F00B44878 /* Release */,
			);
			defaultConfigurationIsVisible = 0;
			defaultConfigurationName = Release;
		};
		717A4F9E20CF7B2F00B44878 /* Build configuration list for PBXNativeTarget "ImageLoadingLibraryUITests" */ = {
			isa = XCConfigurationList;
			buildConfigurations = (
				717A4F9F20CF7B2F00B44878 /* Debug */,
				717A4FA020CF7B2F00B44878 /* Release */,
			);
			defaultConfigurationIsVisible = 0;
			defaultConfigurationName = Release;
		};
/* End XCConfigurationList section */

/* Begin XCVersionGroup section */
		717A4F7720CF7B2900B44878 /* ImageLoadingLibrary.xcdatamodeld */ = {
			isa = XCVersionGroup;
			children = (
				717A4F7820CF7B2900B44878 /* ImageLoadingLibrary.xcdatamodel */,
			);
			currentVersion = 717A4F7820CF7B2900B44878 /* ImageLoadingLibrary.xcdatamodel */;
			path = ImageLoadingLibrary.xcdatamodeld;
			sourceTree = "<group>";
			versionGroupType = wrapper.xcdatamodel;
		};
/* End XCVersionGroup section */
	};
	rootObject = 717A4F6520CF7B2800B44878 /* Project object */;
}
